# This file is automatically @generated by Cargo.
# It is not intended for manual editing.
version = 3

[[package]]
name = "addr2line"
version = "0.17.0"
source = "registry+https://github.com/rust-lang/crates.io-index"
checksum = "b9ecd88a8c8378ca913a680cd98f0f13ac67383d35993f86c90a70e3f137816b"
dependencies = [
 "gimli 0.26.2",
]

[[package]]
name = "addr2line"
version = "0.19.0"
source = "registry+https://github.com/rust-lang/crates.io-index"
checksum = "a76fd60b23679b7d19bd066031410fb7e458ccc5e958eb5c325888ce4baedc97"
dependencies = [
 "gimli 0.27.0",
]

[[package]]
name = "adler"
version = "1.0.2"
source = "registry+https://github.com/rust-lang/crates.io-index"
checksum = "f26201604c87b1e01bd3d98f8d5d9a8fcbb815e8cedb41ffccbeb4bf593a35fe"

[[package]]
name = "aho-corasick"
version = "0.7.20"
source = "registry+https://github.com/rust-lang/crates.io-index"
checksum = "cc936419f96fa211c1b9166887b38e5e40b19958e5b895be7c1f93adec7071ac"
dependencies = [
 "memchr",
]

[[package]]
name = "ambient-authority"
version = "0.0.1"
source = "registry+https://github.com/rust-lang/crates.io-index"
checksum = "ec8ad6edb4840b78c5c3d88de606b22252d552b55f3a4699fbb10fc070ec3049"

[[package]]
name = "ansi_term"
version = "0.12.1"
source = "registry+https://github.com/rust-lang/crates.io-index"
checksum = "d52a9bb7ec0cf484c551830a7ce27bd20d67eac647e1befb56b0be4ee39a55d2"
dependencies = [
 "winapi",
]

[[package]]
name = "anyhow"
version = "1.0.68"
source = "registry+https://github.com/rust-lang/crates.io-index"
checksum = "2cb2f989d18dd141ab8ae82f64d1a8cdd37e0840f73a406896cf5e99502fab61"

[[package]]
name = "async-trait"
version = "0.1.60"
source = "registry+https://github.com/rust-lang/crates.io-index"
checksum = "677d1d8ab452a3936018a687b20e6f7cf5363d713b732b8884001317b0e48aa3"
dependencies = [
 "proc-macro2",
 "quote",
 "syn",
]

[[package]]
name = "atty"
version = "0.2.14"
source = "registry+https://github.com/rust-lang/crates.io-index"
checksum = "d9b39be18770d11421cdb1b9947a45dd3f37e93092cbf377614828a319d5fee8"
dependencies = [
 "hermit-abi 0.1.19",
 "libc",
 "winapi",
]

[[package]]
name = "autocfg"
version = "1.1.0"
source = "registry+https://github.com/rust-lang/crates.io-index"
checksum = "d468802bab17cbc0cc575e9b053f41e72aa36bfa6b7f55e3529ffa43161b97fa"

[[package]]
name = "backtrace"
version = "0.3.67"
source = "registry+https://github.com/rust-lang/crates.io-index"
checksum = "233d376d6d185f2a3093e58f283f60f880315b6c60075b01f36b3b85154564ca"
dependencies = [
 "addr2line 0.19.0",
 "cc",
 "cfg-if 1.0.0",
 "libc",
 "miniz_oxide",
 "object 0.30.0",
 "rustc-demangle",
]

[[package]]
name = "base64"
version = "0.13.1"
source = "registry+https://github.com/rust-lang/crates.io-index"
checksum = "9e1b586273c5702936fe7b7d6896644d8be71e6314cfe09d3167c95f712589e8"

[[package]]
name = "bincode"
version = "1.3.3"
source = "registry+https://github.com/rust-lang/crates.io-index"
checksum = "b1f45e9417d87227c7a56d22e471c6206462cba514c7590c09aff4cf6d1ddcad"
dependencies = [
 "serde",
]

[[package]]
name = "bitflags"
version = "1.3.2"
source = "registry+https://github.com/rust-lang/crates.io-index"
checksum = "bef38d45163c2f1dde094a7dfd33ccf595c92905c8f8f4fdc18d06fb1037718a"

[[package]]
name = "block-buffer"
version = "0.9.0"
source = "registry+https://github.com/rust-lang/crates.io-index"
checksum = "4152116fd6e9dadb291ae18fc1ec3575ed6d84c29642d97890f4b4a3417297e4"
dependencies = [
 "generic-array",
]

[[package]]
name = "cap-fs-ext"
version = "0.24.4"
source = "registry+https://github.com/rust-lang/crates.io-index"
checksum = "e54b86398b5852ddd45784b1d9b196b98beb39171821bad4b8b44534a1e87927"
dependencies = [
 "cap-primitives",
 "cap-std",
 "io-lifetimes",
 "winapi",
]

[[package]]
name = "cap-primitives"
version = "0.24.4"
source = "registry+https://github.com/rust-lang/crates.io-index"
checksum = "fb8fca3e81fae1d91a36e9784ca22a39ef623702b5f7904d89dc31f10184a178"
dependencies = [
 "ambient-authority",
 "errno",
 "fs-set-times",
 "io-extras",
 "io-lifetimes",
 "ipnet",
 "maybe-owned",
 "rustix",
 "winapi",
 "winapi-util",
 "winx",
]

[[package]]
name = "cap-rand"
version = "0.24.4"
source = "registry+https://github.com/rust-lang/crates.io-index"
checksum = "ca3b27294116983d706f4c8168f6d10c84f9f5daed0c28bc7d0296cf16bcf971"
dependencies = [
 "ambient-authority",
 "rand",
]

[[package]]
name = "cap-std"
version = "0.24.4"
source = "registry+https://github.com/rust-lang/crates.io-index"
checksum = "2247568946095c7765ad2b441a56caffc08027734c634a6d5edda648f04e32eb"
dependencies = [
 "cap-primitives",
 "io-extras",
 "io-lifetimes",
 "ipnet",
 "rustix",
]

[[package]]
name = "cap-time-ext"
version = "0.24.4"
source = "registry+https://github.com/rust-lang/crates.io-index"
checksum = "c50472b6ebc302af0401fa3fb939694cd8ff00e0d4c9182001e434fc822ab83a"
dependencies = [
 "cap-primitives",
 "once_cell",
 "rustix",
 "winx",
]

[[package]]
name = "cc"
version = "1.0.78"
source = "registry+https://github.com/rust-lang/crates.io-index"
checksum = "a20104e2335ce8a659d6dd92a51a767a0c062599c73b343fd152cb401e828c3d"
dependencies = [
 "jobserver",
]

[[package]]
name = "cfg-if"
version = "0.1.10"
source = "registry+https://github.com/rust-lang/crates.io-index"
checksum = "4785bdd1c96b2a846b2bd7cc02e86b6b3dbf14e7e53446c4f54c92a361040822"

[[package]]
name = "cfg-if"
version = "1.0.0"
source = "registry+https://github.com/rust-lang/crates.io-index"
checksum = "baf1de4339761588bc0619e3cbc0120ee582ebb74b53b4efbf79117bd2da40fd"

[[package]]
name = "clap"
version = "2.34.0"
source = "registry+https://github.com/rust-lang/crates.io-index"
checksum = "a0610544180c38b88101fecf2dd634b174a62eef6946f84dfc6a7127512b381c"
dependencies = [
 "ansi_term",
 "atty",
 "bitflags",
 "strsim",
 "textwrap",
 "unicode-width",
 "vec_map",
]

[[package]]
name = "cpp_demangle"
version = "0.3.5"
source = "registry+https://github.com/rust-lang/crates.io-index"
checksum = "eeaa953eaad386a53111e47172c2fedba671e5684c8dd601a5f474f4f118710f"
dependencies = [
 "cfg-if 1.0.0",
]

[[package]]
name = "cpufeatures"
version = "0.2.5"
source = "registry+https://github.com/rust-lang/crates.io-index"
checksum = "28d997bd5e24a5928dd43e46dc529867e207907fe0b239c3477d924f7f2ca320"
dependencies = [
 "libc",
]

[[package]]
name = "cranelift-bforest"
version = "0.81.2"
source = "registry+https://github.com/rust-lang/crates.io-index"
checksum = "0eba0f73ab0da95f5d3bd5161da14edc586a88aeae1d09e4a0924f7a141a0093"
dependencies = [
 "cranelift-entity",
]

[[package]]
name = "cranelift-codegen"
version = "0.81.2"
source = "registry+https://github.com/rust-lang/crates.io-index"
checksum = "e9cff8758662518d743460f32c3ca6f32d726070af612c19ba92d01ea727e6d9"
dependencies = [
 "cranelift-bforest",
 "cranelift-codegen-meta",
 "cranelift-codegen-shared",
 "cranelift-entity",
 "gimli 0.26.2",
 "log",
 "regalloc",
 "smallvec",
 "target-lexicon",
]

[[package]]
name = "cranelift-codegen-meta"
version = "0.81.2"
source = "registry+https://github.com/rust-lang/crates.io-index"
checksum = "bfc82fef9d470dd617c4d2537d8f4146d82526bb3bc3ef35b599a3978dad8c81"
dependencies = [
 "cranelift-codegen-shared",
]

[[package]]
name = "cranelift-codegen-shared"
version = "0.81.2"
source = "registry+https://github.com/rust-lang/crates.io-index"
checksum = "a06f531b6173eb2fd92d9a9b2a0dbb2450079f913040bdc323ec43ec752b7e44"

[[package]]
name = "cranelift-entity"
version = "0.81.2"
source = "registry+https://github.com/rust-lang/crates.io-index"
checksum = "d84f8e8a408071d67f479a00c6d3da965b1f9b4b240b7e7e27edb1a34401b3cd"
dependencies = [
 "serde",
]

[[package]]
name = "cranelift-frontend"
version = "0.81.2"
source = "registry+https://github.com/rust-lang/crates.io-index"
checksum = "72cc22592c10f1fa6664a55e34ec52593125a94176856d3ec2f7af5664374da1"
dependencies = [
 "cranelift-codegen",
 "log",
 "smallvec",
 "target-lexicon",
]

[[package]]
name = "cranelift-native"
version = "0.81.2"
source = "registry+https://github.com/rust-lang/crates.io-index"
checksum = "c3da723ebbee69f348feb49acc9f6f5b7ad668c04a145abbc7a75b669f9b0afd"
dependencies = [
 "cranelift-codegen",
 "libc",
 "target-lexicon",
]

[[package]]
name = "cranelift-wasm"
version = "0.81.2"
source = "registry+https://github.com/rust-lang/crates.io-index"
checksum = "642c30e1600295e9c58fc349376187831dce1df6822ece7e8ab880010d6e4be2"
dependencies = [
 "cranelift-codegen",
 "cranelift-entity",
 "cranelift-frontend",
 "itertools",
 "log",
 "smallvec",
 "wasmparser 0.82.0",
 "wasmtime-types",
]

[[package]]
name = "crc32fast"
version = "1.3.2"
source = "registry+https://github.com/rust-lang/crates.io-index"
checksum = "b540bd8bc810d3885c6ea91e2018302f68baba2129ab3e88f32389ee9370880d"
dependencies = [
 "cfg-if 1.0.0",
]

[[package]]
name = "crossbeam-channel"
version = "0.5.6"
source = "registry+https://github.com/rust-lang/crates.io-index"
checksum = "c2dd04ddaf88237dc3b8d8f9a3c1004b506b54b3313403944054d23c0870c521"
dependencies = [
 "cfg-if 1.0.0",
 "crossbeam-utils",
]

[[package]]
name = "crossbeam-deque"
version = "0.8.2"
source = "registry+https://github.com/rust-lang/crates.io-index"
checksum = "715e8152b692bba2d374b53d4875445368fdf21a94751410af607a5ac677d1fc"
dependencies = [
 "cfg-if 1.0.0",
 "crossbeam-epoch",
 "crossbeam-utils",
]

[[package]]
name = "crossbeam-epoch"
version = "0.9.13"
source = "registry+https://github.com/rust-lang/crates.io-index"
checksum = "01a9af1f4c2ef74bb8aa1f7e19706bc72d03598c8a570bb5de72243c7a9d9d5a"
dependencies = [
 "autocfg",
 "cfg-if 1.0.0",
 "crossbeam-utils",
 "memoffset 0.7.1",
 "scopeguard",
]

[[package]]
name = "crossbeam-utils"
version = "0.8.14"
source = "registry+https://github.com/rust-lang/crates.io-index"
checksum = "4fb766fa798726286dbbb842f174001dab8abc7b627a1dd86e0b7222a95d929f"
dependencies = [
 "cfg-if 1.0.0",
]

[[package]]
name = "digest"
version = "0.9.0"
source = "registry+https://github.com/rust-lang/crates.io-index"
checksum = "d3dd60d1080a57a05ab032377049e0591415d2b31afd7028356dbf3cc6dcb066"
dependencies = [
 "generic-array",
]

[[package]]
name = "directories-next"
version = "2.0.0"
source = "registry+https://github.com/rust-lang/crates.io-index"
checksum = "339ee130d97a610ea5a5872d2bbb130fdf68884ff09d3028b81bec8a1ac23bbc"
dependencies = [
 "cfg-if 1.0.0",
 "dirs-sys-next",
]

[[package]]
name = "dirs"
version = "4.0.0"
source = "registry+https://github.com/rust-lang/crates.io-index"
checksum = "ca3aa72a6f96ea37bbc5aa912f6788242832f75369bdfdadcb0e38423f100059"
dependencies = [
 "dirs-sys",
]

[[package]]
name = "dirs-sys"
version = "0.3.7"
source = "registry+https://github.com/rust-lang/crates.io-index"
checksum = "1b1d1d91c932ef41c0f2663aa8b0ca0342d444d842c06914aa0a7e352d0bada6"
dependencies = [
 "libc",
 "redox_users",
 "winapi",
]

[[package]]
name = "dirs-sys-next"
version = "0.1.2"
source = "registry+https://github.com/rust-lang/crates.io-index"
checksum = "4ebda144c4fe02d1f7ea1a7d9641b6fc6b580adcfa024ae48797ecdeb6825b4d"
dependencies = [
 "libc",
 "redox_users",
 "winapi",
]

[[package]]
name = "either"
version = "1.8.0"
source = "registry+https://github.com/rust-lang/crates.io-index"
checksum = "90e5c1c8368803113bf0c9584fc495a58b86dc8a29edbf8fe877d21d9507e797"

[[package]]
name = "env_logger"
version = "0.9.3"
source = "registry+https://github.com/rust-lang/crates.io-index"
checksum = "a12e6657c4c97ebab115a42dcee77225f7f482cdd841cf7088c657a42e9e00e7"
dependencies = [
 "atty",
 "humantime",
 "log",
 "regex",
 "termcolor",
]

[[package]]
name = "errno"
version = "0.2.8"
source = "registry+https://github.com/rust-lang/crates.io-index"
checksum = "f639046355ee4f37944e44f60642c6f3a7efa3cf6b78c78a0d989a8ce6c396a1"
dependencies = [
 "errno-dragonfly",
 "libc",
 "winapi",
]

[[package]]
name = "errno-dragonfly"
version = "0.1.2"
source = "registry+https://github.com/rust-lang/crates.io-index"
checksum = "aa68f1b12764fab894d2755d2518754e71b4fd80ecfb822714a1206c2aab39bf"
dependencies = [
 "cc",
 "libc",
]

[[package]]
name = "fallible-iterator"
version = "0.2.0"
source = "registry+https://github.com/rust-lang/crates.io-index"
checksum = "4443176a9f2c162692bd3d352d745ef9413eec5782a80d8fd6f8a1ac692a07f7"

[[package]]
name = "file-per-thread-logger"
version = "0.1.5"
source = "registry+https://github.com/rust-lang/crates.io-index"
checksum = "21e16290574b39ee41c71aeb90ae960c504ebaf1e2a1c87bd52aa56ed6e1a02f"
dependencies = [
 "env_logger",
 "log",
]

[[package]]
name = "fs-set-times"
version = "0.15.0"
source = "registry+https://github.com/rust-lang/crates.io-index"
checksum = "7df62ee66ee2d532ea8d567b5a3f0d03ecd64636b98bad5be1e93dcc918b92aa"
dependencies = [
 "io-lifetimes",
 "rustix",
 "winapi",
]

[[package]]
name = "generic-array"
version = "0.14.6"
source = "registry+https://github.com/rust-lang/crates.io-index"
checksum = "bff49e947297f3312447abdca79f45f4738097cc82b06e72054d2223f601f1b9"
dependencies = [
 "typenum",
 "version_check",
]

[[package]]
name = "getrandom"
version = "0.2.8"
source = "registry+https://github.com/rust-lang/crates.io-index"
checksum = "c05aeb6a22b8f62540c194aac980f2115af067bfe15a0734d7277a768d396b31"
dependencies = [
 "cfg-if 1.0.0",
 "libc",
 "wasi",
]

[[package]]
name = "gimli"
version = "0.26.2"
source = "registry+https://github.com/rust-lang/crates.io-index"
checksum = "22030e2c5a68ec659fde1e949a745124b48e6fa8b045b7ed5bd1fe4ccc5c4e5d"
dependencies = [
 "fallible-iterator",
 "indexmap",
 "stable_deref_trait",
]

[[package]]
name = "gimli"
version = "0.27.0"
source = "registry+https://github.com/rust-lang/crates.io-index"
checksum = "dec7af912d60cdbd3677c1af9352ebae6fb8394d165568a2234df0fa00f87793"

[[package]]
name = "hashbrown"
version = "0.12.3"
source = "registry+https://github.com/rust-lang/crates.io-index"
checksum = "8a9ee70c43aaf417c914396645a0fa852624801b24ebb7ae78fe8272889ac888"

[[package]]
name = "heck"
version = "0.3.3"
source = "registry+https://github.com/rust-lang/crates.io-index"
checksum = "6d621efb26863f0e9924c6ac577e8275e5e6b77455db64ffa6c65c904e9e132c"
dependencies = [
 "unicode-segmentation",
]

[[package]]
name = "hermit-abi"
version = "0.1.19"
source = "registry+https://github.com/rust-lang/crates.io-index"
checksum = "62b467343b94ba476dcb2500d242dadbb39557df889310ac77c5d99100aaac33"
dependencies = [
 "libc",
]

[[package]]
name = "hermit-abi"
version = "0.2.6"
source = "registry+https://github.com/rust-lang/crates.io-index"
checksum = "ee512640fe35acbfb4bb779db6f0d80704c2cacfa2e39b601ef3e3f47d1ae4c7"
dependencies = [
 "libc",
]

[[package]]
name = "humantime"
version = "2.1.0"
source = "registry+https://github.com/rust-lang/crates.io-index"
checksum = "9a3a5bfb195931eeb336b2a7b4d761daec841b97f947d34394601737a7bba5e4"

[[package]]
name = "indexmap"
version = "1.9.2"
source = "registry+https://github.com/rust-lang/crates.io-index"
checksum = "1885e79c1fc4b10f0e172c475f458b7f7b93061064d98c3293e98c5ba0c8b399"
dependencies = [
 "autocfg",
 "hashbrown",
 "serde",
]

[[package]]
name = "io-extras"
version = "0.13.2"
source = "registry+https://github.com/rust-lang/crates.io-index"
checksum = "d0c937cc9891c12eaa8c63ad347e4a288364b1328b924886970b47a14ab8f8f8"
dependencies = [
 "io-lifetimes",
 "winapi",
]

[[package]]
name = "io-lifetimes"
version = "0.5.3"
source = "registry+https://github.com/rust-lang/crates.io-index"
checksum = "ec58677acfea8a15352d42fc87d11d63596ade9239e0a7c9352914417515dbe6"
dependencies = [
 "libc",
 "winapi",
]

[[package]]
name = "ipnet"
version = "2.7.0"
source = "registry+https://github.com/rust-lang/crates.io-index"
checksum = "11b0d96e660696543b251e58030cf9787df56da39dab19ad60eae7353040917e"

[[package]]
name = "is-terminal"
version = "0.1.0"
source = "registry+https://github.com/rust-lang/crates.io-index"
checksum = "7c89a757e762896bdbdfadf2860d0f8b0cea5e363d8cf3e7bdfeb63d1d976352"
dependencies = [
 "hermit-abi 0.2.6",
 "io-lifetimes",
 "rustix",
 "winapi",
]

[[package]]
name = "itertools"
version = "0.10.5"
source = "registry+https://github.com/rust-lang/crates.io-index"
checksum = "b0fd2260e829bddf4cb6ea802289de2f86d6a7a690192fbe91b3f46e0f2c8473"
dependencies = [
 "either",
]

[[package]]
name = "itoa"
version = "1.0.5"
source = "registry+https://github.com/rust-lang/crates.io-index"
checksum = "fad582f4b9e86b6caa621cabeb0963332d92eea04729ab12892c2533951e6440"

[[package]]
name = "jobserver"
version = "0.1.25"
source = "registry+https://github.com/rust-lang/crates.io-index"
checksum = "068b1ee6743e4d11fb9c6a1e6064b3693a1b600e7f5f5988047d98b3dc9fb90b"
dependencies = [
 "libc",
]

[[package]]
name = "lazy_static"
version = "1.4.0"
source = "registry+https://github.com/rust-lang/crates.io-index"
checksum = "e2abad23fbc42b3700f2f279844dc832adb2b2eb069b2df918f455c4e18cc646"

[[package]]
name = "leb128"
version = "0.2.5"
source = "registry+https://github.com/rust-lang/crates.io-index"
checksum = "884e2677b40cc8c339eaefcb701c32ef1fd2493d71118dc0ca4b6a736c93bd67"

[[package]]
name = "libc"
version = "0.2.138"
source = "registry+https://github.com/rust-lang/crates.io-index"
checksum = "db6d7e329c562c5dfab7a46a2afabc8b987ab9a4834c9d1ca04dc54c1546cef8"

[[package]]
name = "linux-raw-sys"
version = "0.0.42"
source = "registry+https://github.com/rust-lang/crates.io-index"
checksum = "5284f00d480e1c39af34e72f8ad60b94f47007e3481cd3b731c1d67190ddc7b7"

[[package]]
name = "log"
version = "0.4.17"
source = "registry+https://github.com/rust-lang/crates.io-index"
checksum = "abb12e687cfb44aa40f41fc3978ef76448f9b6038cad6aef4259d3c095a2382e"
dependencies = [
 "cfg-if 1.0.0",
]

[[package]]
name = "mach"
version = "0.3.2"
source = "registry+https://github.com/rust-lang/crates.io-index"
checksum = "b823e83b2affd8f40a9ee8c29dbc56404c1e34cd2710921f2801e2cf29527afa"
dependencies = [
 "libc",
]

[[package]]
name = "maybe-owned"
version = "0.3.4"
source = "registry+https://github.com/rust-lang/crates.io-index"
checksum = "4facc753ae494aeb6e3c22f839b158aebd4f9270f55cd3c79906c45476c47ab4"

[[package]]
name = "memchr"
version = "2.5.0"
source = "registry+https://github.com/rust-lang/crates.io-index"
checksum = "2dffe52ecf27772e601905b7522cb4ef790d2cc203488bbd0e2fe85fcb74566d"

[[package]]
name = "memoffset"
version = "0.6.5"
source = "registry+https://github.com/rust-lang/crates.io-index"
checksum = "5aa361d4faea93603064a027415f07bd8e1d5c88c9fbf68bf56a285428fd79ce"
dependencies = [
 "autocfg",
]

[[package]]
name = "memoffset"
version = "0.7.1"
source = "registry+https://github.com/rust-lang/crates.io-index"
checksum = "5de893c32cde5f383baa4c04c5d6dbdd735cfd4a794b0debdb2bb1b421da5ff4"
dependencies = [
 "autocfg",
]

[[package]]
name = "memory_units"
version = "0.4.0"
source = "registry+https://github.com/rust-lang/crates.io-index"
checksum = "8452105ba047068f40ff7093dd1d9da90898e63dd61736462e9cdda6a90ad3c3"

[[package]]
name = "miniz_oxide"
version = "0.6.2"
source = "registry+https://github.com/rust-lang/crates.io-index"
checksum = "b275950c28b37e794e8c55d88aeb5e139d0ce23fdbbeda68f8d7174abdf9e8fa"
dependencies = [
 "adler",
]

[[package]]
name = "more-asserts"
version = "0.2.2"
source = "registry+https://github.com/rust-lang/crates.io-index"
checksum = "7843ec2de400bcbc6a6328c958dc38e5359da6e93e72e37bc5246bf1ae776389"

[[package]]
name = "num_cpus"
version = "1.15.0"
source = "registry+https://github.com/rust-lang/crates.io-index"
checksum = "0fac9e2da13b5eb447a6ce3d392f23a29d8694bff781bf03a16cd9ac8697593b"
dependencies = [
 "hermit-abi 0.2.6",
 "libc",
]

[[package]]
name = "object"
version = "0.27.1"
source = "registry+https://github.com/rust-lang/crates.io-index"
checksum = "67ac1d3f9a1d3616fd9a60c8d74296f22406a238b6a72f5cc1e6f314df4ffbf9"
dependencies = [
 "crc32fast",
 "indexmap",
 "memchr",
]

[[package]]
name = "object"
version = "0.30.0"
source = "registry+https://github.com/rust-lang/crates.io-index"
checksum = "239da7f290cfa979f43f85a8efeee9a8a76d0827c356d37f9d3d7254d6b537fb"
dependencies = [
 "memchr",
]

[[package]]
name = "once_cell"
version = "1.16.0"
source = "registry+https://github.com/rust-lang/crates.io-index"
checksum = "86f0b0d4bf799edbc74508c1e8bf170ff5f41238e5f8225603ca7caaae2b7860"

[[package]]
name = "opaque-debug"
version = "0.3.0"
source = "registry+https://github.com/rust-lang/crates.io-index"
checksum = "624a8340c38c1b80fd549087862da4ba43e08858af025b236e509b6649fc13d5"

[[package]]
name = "paste"
version = "1.0.11"
source = "registry+https://github.com/rust-lang/crates.io-index"
checksum = "d01a5bd0424d00070b0098dd17ebca6f961a959dead1dbcbbbc1d1cd8d3deeba"

[[package]]
name = "pin-project-lite"
version = "0.2.9"
source = "registry+https://github.com/rust-lang/crates.io-index"
checksum = "e0a7ae3ac2f1173085d398531c705756c94a4c56843785df85a60c1a0afac116"

[[package]]
name = "ppv-lite86"
version = "0.2.17"
source = "registry+https://github.com/rust-lang/crates.io-index"
checksum = "5b40af805b3121feab8a3c29f04d8ad262fa8e0561883e7653e024ae4479e6de"

[[package]]
name = "proc-macro-error"
version = "1.0.4"
source = "registry+https://github.com/rust-lang/crates.io-index"
checksum = "da25490ff9892aab3fcf7c36f08cfb902dd3e71ca0f9f9517bea02a73a5ce38c"
dependencies = [
 "proc-macro-error-attr",
 "proc-macro2",
 "quote",
 "syn",
 "version_check",
]

[[package]]
name = "proc-macro-error-attr"
version = "1.0.4"
source = "registry+https://github.com/rust-lang/crates.io-index"
checksum = "a1be40180e52ecc98ad80b184934baf3d0d29f979574e439af5a55274b35f869"
dependencies = [
 "proc-macro2",
 "quote",
 "version_check",
]

[[package]]
name = "proc-macro2"
version = "1.0.49"
source = "registry+https://github.com/rust-lang/crates.io-index"
checksum = "57a8eca9f9c4ffde41714334dee777596264c7825420f521abc92b5b5deb63a5"
dependencies = [
 "unicode-ident",
]

[[package]]
name = "psm"
version = "0.1.21"
source = "registry+https://github.com/rust-lang/crates.io-index"
checksum = "5787f7cda34e3033a72192c018bc5883100330f362ef279a8cbccfce8bb4e874"
dependencies = [
 "cc",
]

[[package]]
name = "quote"
version = "1.0.23"
source = "registry+https://github.com/rust-lang/crates.io-index"
checksum = "8856d8364d252a14d474036ea1358d63c9e6965c8e5c1885c18f73d70bff9c7b"
dependencies = [
 "proc-macro2",
]

[[package]]
name = "rand"
version = "0.8.5"
source = "registry+https://github.com/rust-lang/crates.io-index"
checksum = "34af8d1a0e25924bc5b7c43c079c942339d8f0a8b57c39049bef581b46327404"
dependencies = [
 "libc",
 "rand_chacha",
 "rand_core",
]

[[package]]
name = "rand_chacha"
version = "0.3.1"
source = "registry+https://github.com/rust-lang/crates.io-index"
checksum = "e6c10a63a0fa32252be49d21e7709d4d4baf8d231c2dbce1eaa8141b9b127d88"
dependencies = [
 "ppv-lite86",
 "rand_core",
]

[[package]]
name = "rand_core"
version = "0.6.4"
source = "registry+https://github.com/rust-lang/crates.io-index"
checksum = "ec0be4795e2f6a28069bec0b5ff3e2ac9bafc99e6a9a7dc3547996c5c816922c"
dependencies = [
 "getrandom",
]

[[package]]
name = "rayon"
version = "1.6.1"
source = "registry+https://github.com/rust-lang/crates.io-index"
checksum = "6db3a213adf02b3bcfd2d3846bb41cb22857d131789e01df434fb7e7bc0759b7"
dependencies = [
 "either",
 "rayon-core",
]

[[package]]
name = "rayon-core"
version = "1.10.1"
source = "registry+https://github.com/rust-lang/crates.io-index"
checksum = "cac410af5d00ab6884528b4ab69d1e8e146e8d471201800fa1b4524126de6ad3"
dependencies = [
 "crossbeam-channel",
 "crossbeam-deque",
 "crossbeam-utils",
 "num_cpus",
]

[[package]]
name = "redox_syscall"
version = "0.2.16"
source = "registry+https://github.com/rust-lang/crates.io-index"
checksum = "fb5a58c1855b4b6819d59012155603f0b22ad30cad752600aadfcb695265519a"
dependencies = [
 "bitflags",
]

[[package]]
name = "redox_users"
version = "0.4.3"
source = "registry+https://github.com/rust-lang/crates.io-index"
checksum = "b033d837a7cf162d7993aded9304e30a83213c648b6e389db233191f891e5c2b"
dependencies = [
 "getrandom",
 "redox_syscall",
 "thiserror",
]

[[package]]
name = "regalloc"
version = "0.0.34"
source = "registry+https://github.com/rust-lang/crates.io-index"
checksum = "62446b1d3ebf980bdc68837700af1d77b37bc430e524bf95319c6eada2a4cc02"
dependencies = [
 "log",
 "rustc-hash",
 "smallvec",
]

[[package]]
name = "regex"
version = "1.7.0"
source = "registry+https://github.com/rust-lang/crates.io-index"
checksum = "e076559ef8e241f2ae3479e36f97bd5741c0330689e217ad51ce2c76808b868a"
dependencies = [
 "aho-corasick",
 "memchr",
 "regex-syntax",
]

[[package]]
name = "regex-syntax"
version = "0.6.28"
source = "registry+https://github.com/rust-lang/crates.io-index"
checksum = "456c603be3e8d448b072f410900c09faf164fbce2d480456f50eea6e25f9c848"

[[package]]
name = "region"
version = "2.2.0"
source = "registry+https://github.com/rust-lang/crates.io-index"
checksum = "877e54ea2adcd70d80e9179344c97f93ef0dffd6b03e1f4529e6e83ab2fa9ae0"
dependencies = [
 "bitflags",
 "libc",
 "mach",
 "winapi",
]

[[package]]
name = "rustc-demangle"
version = "0.1.21"
source = "registry+https://github.com/rust-lang/crates.io-index"
checksum = "7ef03e0a2b150c7a90d01faf6254c9c48a41e95fb2a8c2ac1c6f0d2b9aefc342"

[[package]]
name = "rustc-hash"
version = "1.1.0"
source = "registry+https://github.com/rust-lang/crates.io-index"
checksum = "08d43f7aa6b08d49f382cde6a7982047c3426db949b1424bc4b7ec9ae12c6ce2"

[[package]]
name = "rustix"
version = "0.33.7"
source = "registry+https://github.com/rust-lang/crates.io-index"
checksum = "938a344304321a9da4973b9ff4f9f8db9caf4597dfd9dda6a60b523340a0fff0"
dependencies = [
 "bitflags",
 "errno",
 "io-lifetimes",
 "itoa",
 "libc",
 "linux-raw-sys",
 "once_cell",
 "winapi",
]

[[package]]
name = "scopeguard"
version = "1.1.0"
source = "registry+https://github.com/rust-lang/crates.io-index"
checksum = "d29ab0c6d3fc0ee92fe66e2d99f700eab17a8d57d1c1d3b748380fb20baa78cd"

[[package]]
name = "serde"
version = "1.0.151"
source = "registry+https://github.com/rust-lang/crates.io-index"
checksum = "97fed41fc1a24994d044e6db6935e69511a1153b52c15eb42493b26fa87feba0"
dependencies = [
 "serde_derive",
]

[[package]]
name = "serde_derive"
version = "1.0.151"
source = "registry+https://github.com/rust-lang/crates.io-index"
checksum = "255abe9a125a985c05190d687b320c12f9b1f0b99445e608c21ba0782c719ad8"
dependencies = [
 "proc-macro2",
 "quote",
 "syn",
]

[[package]]
name = "sha2"
version = "0.9.9"
source = "registry+https://github.com/rust-lang/crates.io-index"
checksum = "4d58a1e1bf39749807d89cf2d98ac2dfa0ff1cb3faa38fbb64dd88ac8013d800"
dependencies = [
 "block-buffer",
 "cfg-if 1.0.0",
 "cpufeatures",
 "digest",
 "opaque-debug",
]

[[package]]
name = "shellexpand"
version = "2.1.2"
source = "registry+https://github.com/rust-lang/crates.io-index"
checksum = "7ccc8076840c4da029af4f87e4e8daeb0fca6b87bbb02e10cb60b791450e11e4"
dependencies = [
 "dirs",
]

[[package]]
name = "smallvec"
version = "1.10.0"
source = "registry+https://github.com/rust-lang/crates.io-index"
checksum = "a507befe795404456341dfab10cef66ead4c041f62b8b11bbb92bffe5d0953e0"

[[package]]
name = "stable_deref_trait"
version = "1.2.0"
source = "registry+https://github.com/rust-lang/crates.io-index"
checksum = "a8f112729512f8e442d81f95a8a7ddf2b7c6b8a1a6f509a95864142b30cab2d3"

[[package]]
name = "strsim"
version = "0.8.0"
source = "registry+https://github.com/rust-lang/crates.io-index"
checksum = "8ea5119cdb4c55b55d432abb513a0429384878c15dde60cc77b1c99de1a95a6a"

[[package]]
name = "structopt"
version = "0.3.26"
source = "registry+https://github.com/rust-lang/crates.io-index"
checksum = "0c6b5c64445ba8094a6ab0c3cd2ad323e07171012d9c98b0b15651daf1787a10"
dependencies = [
 "clap",
 "lazy_static",
 "structopt-derive",
]

[[package]]
name = "structopt-derive"
version = "0.4.18"
source = "registry+https://github.com/rust-lang/crates.io-index"
checksum = "dcb5ae327f9cc13b68763b5749770cb9e048a99bd9dfdfa58d0cf05d5f64afe0"
dependencies = [
 "heck",
 "proc-macro-error",
 "proc-macro2",
 "quote",
 "syn",
]

[[package]]
name = "syn"
version = "1.0.107"
source = "registry+https://github.com/rust-lang/crates.io-index"
checksum = "1f4064b5b16e03ae50984a5a8ed5d4f8803e6bc1fd170a3cda91a1be4b18e3f5"
dependencies = [
 "proc-macro2",
 "quote",
 "unicode-ident",
]

[[package]]
name = "system-interface"
version = "0.20.0"
source = "registry+https://github.com/rust-lang/crates.io-index"
checksum = "1e09bb3fb4e02ec4b87e182ea9718fadbc0fa3e50085b40a9af9690572b67f9e"
dependencies = [
 "atty",
 "bitflags",
 "cap-fs-ext",
 "cap-std",
 "io-lifetimes",
 "rustix",
 "winapi",
 "winx",
]

[[package]]
name = "target-lexicon"
version = "0.12.5"
source = "registry+https://github.com/rust-lang/crates.io-index"
checksum = "9410d0f6853b1d94f0e519fb95df60f29d2c1eff2d921ffdf01a4c8a3b54f12d"

[[package]]
name = "termcolor"
version = "1.1.3"
source = "registry+https://github.com/rust-lang/crates.io-index"
checksum = "bab24d30b911b2376f3a13cc2cd443142f0c81dda04c118693e35b3835757755"
dependencies = [
 "winapi-util",
]

[[package]]
name = "textwrap"
version = "0.11.0"
source = "registry+https://github.com/rust-lang/crates.io-index"
checksum = "d326610f408c7a4eb6f51c37c330e496b08506c9457c9d34287ecc38809fb060"
dependencies = [
 "unicode-width",
]

[[package]]
name = "thiserror"
version = "1.0.38"
source = "registry+https://github.com/rust-lang/crates.io-index"
checksum = "6a9cd18aa97d5c45c6603caea1da6628790b37f7a34b6ca89522331c5180fed0"
dependencies = [
 "thiserror-impl",
]

[[package]]
name = "thiserror-impl"
version = "1.0.38"
source = "registry+https://github.com/rust-lang/crates.io-index"
checksum = "1fb327af4685e4d03fa8cbcf1716380da910eeb2bb8be417e7f9fd3fb164f36f"
dependencies = [
 "proc-macro2",
 "quote",
 "syn",
]

[[package]]
name = "toml"
version = "0.5.10"
source = "registry+https://github.com/rust-lang/crates.io-index"
checksum = "1333c76748e868a4d9d1017b5ab53171dfd095f70c712fdb4653a406547f598f"
dependencies = [
 "serde",
]

[[package]]
name = "tracing"
version = "0.1.37"
source = "registry+https://github.com/rust-lang/crates.io-index"
checksum = "8ce8c33a8d48bd45d624a6e523445fd21ec13d3653cd51f681abf67418f54eb8"
dependencies = [
 "cfg-if 1.0.0",
 "log",
 "pin-project-lite",
 "tracing-attributes",
 "tracing-core",
]

[[package]]
name = "tracing-attributes"
version = "0.1.23"
source = "registry+https://github.com/rust-lang/crates.io-index"
checksum = "4017f8f45139870ca7e672686113917c71c7a6e02d4924eda67186083c03081a"
dependencies = [
 "proc-macro2",
 "quote",
 "syn",
]

[[package]]
name = "tracing-core"
version = "0.1.30"
source = "registry+https://github.com/rust-lang/crates.io-index"
checksum = "24eb03ba0eab1fd845050058ce5e616558e8f8d8fca633e6b163fe25c797213a"
dependencies = [
 "once_cell",
]

[[package]]
name = "typenum"
version = "1.16.0"
source = "registry+https://github.com/rust-lang/crates.io-index"
checksum = "497961ef93d974e23eb6f433eb5fe1b7930b659f06d12dec6fc44a8f554c0bba"

[[package]]
name = "unicode-ident"
version = "1.0.6"
source = "registry+https://github.com/rust-lang/crates.io-index"
checksum = "84a22b9f218b40614adcb3f4ff08b703773ad44fa9423e4e0d346d5db86e4ebc"

[[package]]
name = "unicode-segmentation"
version = "1.10.0"
source = "registry+https://github.com/rust-lang/crates.io-index"
checksum = "0fdbf052a0783de01e944a6ce7a8cb939e295b1e7be835a1112c3b9a7f047a5a"

[[package]]
name = "unicode-width"
version = "0.1.10"
source = "registry+https://github.com/rust-lang/crates.io-index"
checksum = "c0edd1e5b14653f783770bce4a4dabb4a5108a5370a5f5d8cfe8710c361f6c8b"

[[package]]
name = "vec_map"
version = "0.8.2"
source = "registry+https://github.com/rust-lang/crates.io-index"
checksum = "f1bddf1187be692e79c5ffeab891132dfb0f236ed36a43c7ed39f1165ee20191"

[[package]]
name = "version_check"
version = "0.9.4"
source = "registry+https://github.com/rust-lang/crates.io-index"
checksum = "49874b5167b65d7193b8aba1567f5c7d93d001cafc34600cee003eda787e483f"

[[package]]
name = "wasi"
version = "0.11.0+wasi-snapshot-preview1"
source = "registry+https://github.com/rust-lang/crates.io-index"
checksum = "9c8d87e72b64a3b4db28d11ce29237c246188f4f51057d65a7eab63b7987e423"

[[package]]
name = "wasi-cap-std-sync"
version = "0.34.2"
source = "registry+https://github.com/rust-lang/crates.io-index"
checksum = "09b1c389a029e158b3dbb1be62d47ffcd959db94eeafd0d8c38bef15e6097fae"
dependencies = [
 "anyhow",
 "async-trait",
 "cap-fs-ext",
 "cap-rand",
 "cap-std",
 "cap-time-ext",
 "fs-set-times",
 "io-extras",
 "io-lifetimes",
 "is-terminal",
 "lazy_static",
 "rustix",
 "system-interface",
 "tracing",
 "wasi-common",
 "winapi",
]

[[package]]
name = "wasi-common"
version = "0.34.2"
source = "registry+https://github.com/rust-lang/crates.io-index"
checksum = "7cd93ae0ba21453de39b6c08c5c22ce6ff75393e3094e449631d7dcd562495c3"
dependencies = [
 "anyhow",
 "bitflags",
 "cap-rand",
 "cap-std",
 "rustix",
 "thiserror",
 "tracing",
 "wiggle",
 "winapi",
]

[[package]]
name = "wasi-libc-trampoline-bindgen"
version = "0.2.0"
dependencies = [
 "heck",
 "structopt",
 "witx 0.9.1",
]

[[package]]
name = "wasi-vfs"
version = "0.2.0"
dependencies = [
 "cc",
 "wasi",
 "wee_alloc",
]

[[package]]
name = "wasi-vfs-cli"
version = "0.2.0"
dependencies = [
 "anyhow",
 "structopt",
 "wizer",
]

[[package]]
name = "wasm-encoder"
version = "0.6.0"
source = "registry+https://github.com/rust-lang/crates.io-index"
checksum = "2caacc74c68c74f0008c4055cdf509c43e623775eaf73323bb818dcf666ed9bd"
dependencies = [
 "leb128",
]

[[package]]
name = "wasm-encoder"
version = "0.20.0"
source = "registry+https://github.com/rust-lang/crates.io-index"
checksum = "05632e0a66a6ed8cca593c24223aabd6262f256c3693ad9822c315285f010614"
dependencies = [
 "leb128",
]

[[package]]
name = "wasmparser"
version = "0.78.2"
source = "registry+https://github.com/rust-lang/crates.io-index"
checksum = "52144d4c78e5cf8b055ceab8e5fa22814ce4315d6002ad32cfd914f37c12fd65"

[[package]]
name = "wasmparser"
version = "0.82.0"
source = "registry+https://github.com/rust-lang/crates.io-index"
checksum = "0559cc0f1779240d6f894933498877ea94f693d84f3ee39c9a9932c6c312bd70"

[[package]]
name = "wasmtime"
version = "0.34.2"
source = "registry+https://github.com/rust-lang/crates.io-index"
checksum = "cc8463ad287e1d87d9a141a010cbe4b3f8227ade85cc8ac64f2bef3219b66f94"
dependencies = [
 "anyhow",
 "async-trait",
 "backtrace",
 "bincode",
 "cfg-if 1.0.0",
 "indexmap",
 "lazy_static",
 "libc",
 "log",
 "object 0.27.1",
 "once_cell",
 "paste",
 "psm",
 "rayon",
 "region",
 "serde",
 "target-lexicon",
 "wasmparser 0.82.0",
 "wasmtime-cache",
 "wasmtime-cranelift",
 "wasmtime-environ",
 "wasmtime-fiber",
 "wasmtime-jit",
 "wasmtime-runtime",
 "wat",
 "winapi",
]

[[package]]
name = "wasmtime-cache"
version = "0.34.2"
source = "registry+https://github.com/rust-lang/crates.io-index"
checksum = "b066cd527050ed06eba8f4eb8948d833f033401f09313a5e5231ebe3e316bb9d"
dependencies = [
 "anyhow",
 "base64",
 "bincode",
 "directories-next",
 "file-per-thread-logger",
 "log",
 "rustix",
 "serde",
 "sha2",
 "toml",
 "winapi",
 "zstd",
]

[[package]]
name = "wasmtime-cranelift"
version = "0.34.2"
source = "registry+https://github.com/rust-lang/crates.io-index"
checksum = "381b034926e26980a0aed3f26ec4ba2ff3be9763f386bfb18b7bf2a3fbc1a284"
dependencies = [
 "anyhow",
 "cranelift-codegen",
 "cranelift-entity",
 "cranelift-frontend",
 "cranelift-native",
 "cranelift-wasm",
 "gimli 0.26.2",
 "log",
 "more-asserts",
 "object 0.27.1",
 "target-lexicon",
 "thiserror",
 "wasmparser 0.82.0",
 "wasmtime-environ",
]

[[package]]
name = "wasmtime-environ"
version = "0.34.2"
source = "registry+https://github.com/rust-lang/crates.io-index"
checksum = "877230e7f92f8b5509845e804bb27c7c993197339a7cf0de4a2af411ee6ea75b"
dependencies = [
 "anyhow",
 "cranelift-entity",
 "gimli 0.26.2",
 "indexmap",
 "log",
 "more-asserts",
 "object 0.27.1",
 "serde",
 "target-lexicon",
 "thiserror",
 "wasmparser 0.82.0",
 "wasmtime-types",
]

[[package]]
name = "wasmtime-fiber"
version = "0.34.2"
source = "registry+https://github.com/rust-lang/crates.io-index"
checksum = "dffb509e67c6c2ea49f38bd5db3712476fcc94c4776521012e5f69ae4bb27b4a"
dependencies = [
 "cc",
 "rustix",
 "winapi",
]

[[package]]
name = "wasmtime-jit"
version = "0.34.2"
source = "registry+https://github.com/rust-lang/crates.io-index"
checksum = "4ee2da33bb337fbdfb6e031d485bf2a39d51f37f48e79c6327228d3fc68ec531"
dependencies = [
 "addr2line 0.17.0",
 "anyhow",
 "bincode",
 "cfg-if 1.0.0",
 "cpp_demangle",
 "gimli 0.26.2",
 "log",
 "object 0.27.1",
 "region",
 "rustc-demangle",
 "rustix",
 "serde",
 "target-lexicon",
 "thiserror",
 "wasmtime-environ",
 "wasmtime-runtime",
 "winapi",
]

[[package]]
name = "wasmtime-runtime"
version = "0.34.2"
source = "registry+https://github.com/rust-lang/crates.io-index"
checksum = "bcb5bd981c971c398dac645874748f261084dc907a98b3ee70fa41e005a2b365"
dependencies = [
 "anyhow",
 "backtrace",
 "cc",
 "cfg-if 1.0.0",
 "indexmap",
 "lazy_static",
 "libc",
 "log",
 "mach",
 "memoffset 0.6.5",
 "more-asserts",
 "rand",
 "region",
 "rustix",
 "thiserror",
 "wasmtime-environ",
 "wasmtime-fiber",
 "winapi",
]

[[package]]
name = "wasmtime-types"
version = "0.34.2"
source = "registry+https://github.com/rust-lang/crates.io-index"
checksum = "73696a97fb815c2944896ae9e4fc49182fd7ec0b58088f9ad9768459a521e347"
dependencies = [
 "cranelift-entity",
 "serde",
 "thiserror",
 "wasmparser 0.82.0",
]

[[package]]
name = "wasmtime-wasi"
version = "0.34.2"
source = "registry+https://github.com/rust-lang/crates.io-index"
checksum = "08a84b460a4d493d7f81dff72cfab35388e621e314ea38f56c18579bc15e6693"
dependencies = [
 "anyhow",
 "wasi-cap-std-sync",
 "wasi-common",
 "wasmtime",
 "wiggle",
]

[[package]]
name = "wast"
version = "35.0.2"
source = "registry+https://github.com/rust-lang/crates.io-index"
checksum = "2ef140f1b49946586078353a453a1d28ba90adfc54dde75710bc1931de204d68"
dependencies = [
 "leb128",
]

[[package]]
name = "wast"
version = "50.0.0"
source = "registry+https://github.com/rust-lang/crates.io-index"
checksum = "a2cbb59d4ac799842791fe7e806fa5dbbf6b5554d538e51cc8e176db6ff0ae34"
dependencies = [
 "leb128",
 "memchr",
 "unicode-width",
 "wasm-encoder 0.20.0",
]

[[package]]
name = "wat"
version = "1.0.52"
source = "registry+https://github.com/rust-lang/crates.io-index"
checksum = "584aaf7a1ecf4d383bbe1a25eeab0cbb8ff96acc6796707ff65cde48f4632f15"
dependencies = [
 "wast 50.0.0",
]

[[package]]
name = "wee_alloc"
version = "0.4.5"
source = "registry+https://github.com/rust-lang/crates.io-index"
checksum = "dbb3b5a6b2bb17cb6ad44a2e68a43e8d2722c997da10e928665c72ec6c0a0b8e"
dependencies = [
 "cfg-if 0.1.10",
 "libc",
 "memory_units",
 "winapi",
]

[[package]]
name = "wiggle"
version = "0.34.2"
source = "registry+https://github.com/rust-lang/crates.io-index"
checksum = "c3b8257a2ab818e9ce3f1b54c6f2dec674066c0e03d7dd8a6c73f72dab9919d4"
dependencies = [
 "anyhow",
 "async-trait",
 "bitflags",
 "thiserror",
 "tracing",
 "wasmtime",
 "wiggle-macro",
]

[[package]]
name = "wiggle-generate"
version = "0.34.2"
source = "registry+https://github.com/rust-lang/crates.io-index"
checksum = "cd4ff909fb2ba62ebbdde749e4273f495cd5db962262aa1b15f6087c42828aad"
dependencies = [
 "anyhow",
 "heck",
 "proc-macro2",
 "quote",
 "shellexpand",
 "syn",
 "witx 0.9.1 (registry+https://github.com/rust-lang/crates.io-index)",
]

[[package]]
name = "wiggle-macro"
version = "0.34.2"
source = "registry+https://github.com/rust-lang/crates.io-index"
checksum = "144e7e767f8b39649c8a97f3f4732b73a4f0337f2a6f0c96cedcb15e52bec9f6"
dependencies = [
 "proc-macro2",
 "quote",
 "syn",
 "wiggle-generate",
]

[[package]]
name = "winapi"
version = "0.3.9"
source = "registry+https://github.com/rust-lang/crates.io-index"
checksum = "5c839a674fcd7a98952e593242ea400abe93992746761e38641405d28b00f419"
dependencies = [
 "winapi-i686-pc-windows-gnu",
 "winapi-x86_64-pc-windows-gnu",
]

[[package]]
name = "winapi-i686-pc-windows-gnu"
version = "0.4.0"
source = "registry+https://github.com/rust-lang/crates.io-index"
checksum = "ac3b87c63620426dd9b991e5ce0329eff545bccbbb34f3be09ff6fb6ab51b7b6"

[[package]]
name = "winapi-util"
version = "0.1.5"
source = "registry+https://github.com/rust-lang/crates.io-index"
checksum = "70ec6ce85bb158151cae5e5c87f95a8e97d2c0c4b001223f33a334e3ce5de178"
dependencies = [
 "winapi",
]

[[package]]
name = "winapi-x86_64-pc-windows-gnu"
version = "0.4.0"
source = "registry+https://github.com/rust-lang/crates.io-index"
checksum = "712e227841d057c1ee1cd2fb22fa7e5a5461ae8e48fa2ca79ec42cfc1931183f"

[[package]]
name = "winx"
version = "0.31.0"
source = "registry+https://github.com/rust-lang/crates.io-index"
checksum = "08d5973cb8cd94a77d03ad7e23bbe14889cb29805da1cec0e4aff75e21aebded"
dependencies = [
 "bitflags",
 "io-lifetimes",
 "winapi",
]

[[package]]
name = "witx"
version = "0.9.1"
dependencies = [
 "anyhow",
 "log",
 "rayon",
 "thiserror",
 "wast 35.0.2",
]

[[package]]
name = "witx"
version = "0.9.1"
source = "registry+https://github.com/rust-lang/crates.io-index"
checksum = "e366f27a5cabcddb2706a78296a40b8fcc451e1a6aba2fc1d94b4a01bdaaef4b"
dependencies = [
 "anyhow",
 "log",
 "thiserror",
 "wast 35.0.2",
]

[[package]]
name = "wizer"
version = "1.4.0"
source = "git+https://github.com/bytecodealliance/wizer.git?rev=65e345fb2bd5b5177d4be55af747edc28035c35c#65e345fb2bd5b5177d4be55af747edc28035c35c"
dependencies = [
 "anyhow",
 "cap-std",
 "log",
 "rayon",
 "wasi-cap-std-sync",
 "wasm-encoder 0.6.0",
 "wasmparser 0.78.2",
 "wasmtime",
 "wasmtime-wasi",
]

[[package]]
name = "zstd"
version = "0.10.2+zstd.1.5.2"
source = "registry+https://github.com/rust-lang/crates.io-index"
checksum = "5f4a6bd64f22b5e3e94b4e238669ff9f10815c27a5180108b849d24174a83847"
dependencies = [
 "zstd-safe",
]

[[package]]
name = "zstd-safe"
version = "4.1.6+zstd.1.5.2"
source = "registry+https://github.com/rust-lang/crates.io-index"
checksum = "94b61c51bb270702d6167b8ce67340d2754b088d0c091b06e593aa772c3ee9bb"
dependencies = [
 "libc",
 "zstd-sys",
]

[[package]]
name = "zstd-sys"
version = "1.6.3+zstd.1.5.2"
source = "registry+https://github.com/rust-lang/crates.io-index"
checksum = "fc49afa5c8d634e75761feda8c592051e7eeb4683ba827211eb0d731d3402ea8"
dependencies = [
 "cc",
 "libc",
]
